
Microsoft Visual Studio Solution File, Format Version 12.00
# Visual Studio Version 17
VisualStudioVersion = 17.3.32901.215
MinimumVisualStudioVersion = 10.0.40219.1
Project("{FAE04EC0-301F-11D3-BF4B-00C04F79EFBC}") = "TicTacToeLib", "TicTacToeLib\TicTacToeLib.csproj", "{9BD3374A-9791-43BC-AA4C-1F6061E0FA1A}"
EndProject
Project("{FAE04EC0-301F-11D3-BF4B-00C04F79EFBC}") = "TestProject", "TestProject\TestProject.csproj", "{BDC748D5-2CE1-4DFF-99A5-56D7E33B1F60}"
EndProject
Global
	GlobalSection(SolutionConfigurationPlatforms) = preSolution
		Debug|Any CPU = Debug|Any CPU
		Release|Any CPU = Release|Any CPU
	EndGlobalSection
	GlobalSection(ProjectConfigurationPlatforms) = postSolution
		{9BD3374A-9791-43BC-AA4C-1F6061E0FA1A}.Debug|Any CPU.ActiveCfg = Debug|Any CPU
		{9BD3374A-9791-43BC-AA4C-1F6061E0FA1A}.Debug|Any CPU.Build.0 = Debug|Any CPU
		{9BD3374A-9791-43BC-AA4C-1F6061E0FA1A}.Release|Any CPU.ActiveCfg = Release|Any CPU
		{9BD3374A-9791-43BC-AA4C-1F6061E0FA1A}.Release|Any CPU.Build.0 = Release|Any CPU
		{BDC748D5-2CE1-4DFF-99A5-56D7E33B1F60}.Debug|Any CPU.ActiveCfg = Debug|Any CPU
		{BDC748D5-2CE1-4DFF-99A5-56D7E33B1F60}.Debug|Any CPU.Build.0 = Debug|Any CPU
		{BDC748D5-2CE1-4DFF-99A5-56D7E33B1F60}.Release|Any CPU.ActiveCfg = Release|Any CPU
		{BDC748D5-2CE1-4DFF-99A5-56D7E33B1F60}.Release|Any CPU.Build.0 = Release|Any CPU
	EndGlobalSection
	GlobalSection(SolutionProperties) = preSolution
		HideSolutionNode = FALSE
	EndGlobalSection
	GlobalSection(ExtensibilityGlobals) = postSolution
		SolutionGuid = {8EF8F1FC-6EE8-4571-8BF8-0BBB0CF613EB}
	EndGlobalSection
EndGlobal
